
Microsoft Visual Studio Solution File, Format Version 12.00
# Visual Studio 15
VisualStudioVersion = 15.0.28307.329
MinimumVisualStudioVersion = 10.0.40219.1
Project("{FAE04EC0-301F-11D3-BF4B-00C04F79EFBC}") = "CSharpEindProduct", "CSharpEindProduct\CSharpEindProduct.csproj", "{3370FAE1-39BD-4DF6-8FA5-D9E743F9713E}"
EndProject
Project("{9A19103F-16F7-4668-BE54-9A1E7A4F7556}") = "Server", "Server\Server.csproj", "{497666BB-4762-4BE1-81D4-3B82892C301F}"
EndProject
Project("{9A19103F-16F7-4668-BE54-9A1E7A4F7556}") = "Client", "ConsoleApp1\Client.csproj", "{948CCC75-ED3A-40CC-9562-0C42DEA67EC1}"
EndProject
Project("{D954291E-2A0B-460D-934E-DC6B0785DB48}") = "ClientServer", "ClientServer\ClientServer.shproj", "{A7DA3A81-1896-4E02-B973-A13D1462A460}"
EndProject
Project("{FAE04EC0-301F-11D3-BF4B-00C04F79EFBC}") = "LibClient", "LibClient\LibClient.csproj", "{316E061C-BCF0-4D57-8C29-16F5EBA37DBB}"
EndProject
Global
	GlobalSection(SharedMSBuildProjectFiles) = preSolution
		ClientServer\ClientServer.projitems*{a7da3a81-1896-4e02-b973-a13d1462a460}*SharedItemsImports = 13
	EndGlobalSection
	GlobalSection(SolutionConfigurationPlatforms) = preSolution
		Debug|Any CPU = Debug|Any CPU
		Release|Any CPU = Release|Any CPU
	EndGlobalSection
	GlobalSection(ProjectConfigurationPlatforms) = postSolution
		{3370FAE1-39BD-4DF6-8FA5-D9E743F9713E}.Debug|Any CPU.ActiveCfg = Debug|Any CPU
		{3370FAE1-39BD-4DF6-8FA5-D9E743F9713E}.Debug|Any CPU.Build.0 = Debug|Any CPU
		{3370FAE1-39BD-4DF6-8FA5-D9E743F9713E}.Release|Any CPU.ActiveCfg = Release|Any CPU
		{3370FAE1-39BD-4DF6-8FA5-D9E743F9713E}.Release|Any CPU.Build.0 = Release|Any CPU
		{497666BB-4762-4BE1-81D4-3B82892C301F}.Debug|Any CPU.ActiveCfg = Debug|Any CPU
		{497666BB-4762-4BE1-81D4-3B82892C301F}.Debug|Any CPU.Build.0 = Debug|Any CPU
		{497666BB-4762-4BE1-81D4-3B82892C301F}.Release|Any CPU.ActiveCfg = Release|Any CPU
		{497666BB-4762-4BE1-81D4-3B82892C301F}.Release|Any CPU.Build.0 = Release|Any CPU
		{948CCC75-ED3A-40CC-9562-0C42DEA67EC1}.Debug|Any CPU.ActiveCfg = Debug|Any CPU
		{948CCC75-ED3A-40CC-9562-0C42DEA67EC1}.Debug|Any CPU.Build.0 = Debug|Any CPU
		{948CCC75-ED3A-40CC-9562-0C42DEA67EC1}.Release|Any CPU.ActiveCfg = Release|Any CPU
		{948CCC75-ED3A-40CC-9562-0C42DEA67EC1}.Release|Any CPU.Build.0 = Release|Any CPU
		{316E061C-BCF0-4D57-8C29-16F5EBA37DBB}.Debug|Any CPU.ActiveCfg = Debug|Any CPU
		{316E061C-BCF0-4D57-8C29-16F5EBA37DBB}.Debug|Any CPU.Build.0 = Debug|Any CPU
		{316E061C-BCF0-4D57-8C29-16F5EBA37DBB}.Release|Any CPU.ActiveCfg = Release|Any CPU
		{316E061C-BCF0-4D57-8C29-16F5EBA37DBB}.Release|Any CPU.Build.0 = Release|Any CPU
	EndGlobalSection
	GlobalSection(SolutionProperties) = preSolution
		HideSolutionNode = FALSE
	EndGlobalSection
	GlobalSection(ExtensibilityGlobals) = postSolution
		SolutionGuid = {EF432B06-2EEA-4FF0-B573-064E1A51E9D2}
	EndGlobalSection
EndGlobal
